// !$*UTF8*$!
{
	archiveVersion = 1;
	classes = {
	};
	objectVersion = 46;
	objects = {

/* Begin PBXBuildFile section */
		76575EF1189484D500E1BFDD /* Cocoa.framework in Frameworks */ = {isa = PBXBuildFile; fileRef = 76575EF0189484D500E1BFDD /* Cocoa.framework */; };
		76575EFD189484D500E1BFDD /* main.m in Sources */ = {isa = PBXBuildFile; fileRef = 76575EFC189484D500E1BFDD /* main.m */; };
		76575F04189484D500E1BFDD /* AppDelegate.m in Sources */ = {isa = PBXBuildFile; fileRef = 76575F03189484D500E1BFDD /* AppDelegate.m */; };
		76575F09189484D500E1BFDD /* Images.xcassets in Resources */ = {isa = PBXBuildFile; fileRef = 76575F08189484D500E1BFDD /* Images.xcassets */; };
		76575F26189486E100E1BFDD /* LexicalAnalyzer.m in Sources */ = {isa = PBXBuildFile; fileRef = 76575F25189486E100E1BFDD /* LexicalAnalyzer.m */; };
		76575F421894BCE700E1BFDD /* Token.m in Sources */ = {isa = PBXBuildFile; fileRef = 76575F401894BCE700E1BFDD /* Token.m */; };
		765A62491895E2250097F8C1 /* ReservedKeywords.plist in Resources */ = {isa = PBXBuildFile; fileRef = 765A62481895E2250097F8C1 /* ReservedKeywords.plist */; };
		766B4187189889DB00B17587 /* Word.m in Sources */ = {isa = PBXBuildFile; fileRef = 766B4186189889DB00B17587 /* Word.m */; };
		766B418A189892B400B17587 /* Num.m in Sources */ = {isa = PBXBuildFile; fileRef = 766B4189189892B400B17587 /* Num.m */; };
		766B41901898A20700B17587 /* Float.m in Sources */ = {isa = PBXBuildFile; fileRef = 766B418F1898A20700B17587 /* Float.m */; };
		766B69F118973C8D00579586 /* MainMenu.xib in Resources */ = {isa = PBXBuildFile; fileRef = 766B69F018973C8D00579586 /* MainMenu.xib */; };
		7677FF5618AC582A009B1912 /* Defines.m in Sources */ = {isa = PBXBuildFile; fileRef = 7677FF5518AC582A009B1912 /* Defines.m */; };
		76990CBD18ADB34900775DE3 /* Node.m in Sources */ = {isa = PBXBuildFile; fileRef = 76990CBC18ADB34900775DE3 /* Node.m */; };
		76990CC018ADB83700775DE3 /* Stmt.m in Sources */ = {isa = PBXBuildFile; fileRef = 76990CBF18ADB83700775DE3 /* Stmt.m */; };
		76990CC318ADBBA800775DE3 /* Id.m in Sources */ = {isa = PBXBuildFile; fileRef = 76990CC218ADBBA800775DE3 /* Id.m */; };
		76990CC618ADBBC400775DE3 /* Expr.m in Sources */ = {isa = PBXBuildFile; fileRef = 76990CC518ADBBC400775DE3 /* Expr.m */; };
		76990CC918ADBC2900775DE3 /* Type.m in Sources */ = {isa = PBXBuildFile; fileRef = 76990CC818ADBC2900775DE3 /* Type.m */; };
		76E3FCDA18AC90DB005ED87F /* Parser.m in Sources */ = {isa = PBXBuildFile; fileRef = 76E3FCD918AC90DB005ED87F /* Parser.m */; };
		76E3FCDD18AC9793005ED87F /* Environment.m in Sources */ = {isa = PBXBuildFile; fileRef = 76E3FCDC18AC9793005ED87F /* Environment.m */; };
/* End PBXBuildFile section */

/* Begin PBXFileReference section */
		76575EED189484D500E1BFDD /* Milestone2.app */ = {isa = PBXFileReference; explicitFileType = wrapper.application; includeInIndex = 0; path = Milestone2.app; sourceTree = BUILT_PRODUCTS_DIR; };
		76575EF0189484D500E1BFDD /* Cocoa.framework */ = {isa = PBXFileReference; lastKnownFileType = wrapper.framework; name = Cocoa.framework; path = System/Library/Frameworks/Cocoa.framework; sourceTree = SDKROOT; };
		76575EF3189484D500E1BFDD /* AppKit.framework */ = {isa = PBXFileReference; lastKnownFileType = wrapper.framework; name = AppKit.framework; path = System/Library/Frameworks/AppKit.framework; sourceTree = SDKROOT; };
		76575EF4189484D500E1BFDD /* CoreData.framework */ = {isa = PBXFileReference; lastKnownFileType = wrapper.framework; name = CoreData.framework; path = System/Library/Frameworks/CoreData.framework; sourceTree = SDKROOT; };
		76575EF5189484D500E1BFDD /* Foundation.framework */ = {isa = PBXFileReference; lastKnownFileType = wrapper.framework; name = Foundation.framework; path = System/Library/Frameworks/Foundation.framework; sourceTree = SDKROOT; };
		76575EF8189484D500E1BFDD /* Milestone2-Info.plist */ = {isa = PBXFileReference; lastKnownFileType = text.plist.xml; path = "Milestone2-Info.plist"; sourceTree = "<group>"; };
		76575EFC189484D500E1BFDD /* main.m */ = {isa = PBXFileReference; lastKnownFileType = sourcecode.c.objc; path = main.m; sourceTree = "<group>"; };
		76575EFE189484D500E1BFDD /* Milestone2-Prefix.pch */ = {isa = PBXFileReference; lastKnownFileType = sourcecode.c.h; path = "Milestone2-Prefix.pch"; sourceTree = "<group>"; };
		76575F02189484D500E1BFDD /* AppDelegate.h */ = {isa = PBXFileReference; lastKnownFileType = sourcecode.c.h; path = AppDelegate.h; sourceTree = "<group>"; };
		76575F03189484D500E1BFDD /* AppDelegate.m */ = {isa = PBXFileReference; lastKnownFileType = sourcecode.c.objc; path = AppDelegate.m; sourceTree = "<group>"; };
		76575F08189484D500E1BFDD /* Images.xcassets */ = {isa = PBXFileReference; lastKnownFileType = folder.assetcatalog; path = Images.xcassets; sourceTree = "<group>"; };
		76575F0F189484D500E1BFDD /* XCTest.framework */ = {isa = PBXFileReference; lastKnownFileType = wrapper.framework; name = XCTest.framework; path = Library/Frameworks/XCTest.framework; sourceTree = DEVELOPER_DIR; };
		76575F24189486E100E1BFDD /* LexicalAnalyzer.h */ = {isa = PBXFileReference; fileEncoding = 4; lastKnownFileType = sourcecode.c.h; name = LexicalAnalyzer.h; path = Classes/LexicalAnalyzer.h; sourceTree = "<group>"; };
		76575F25189486E100E1BFDD /* LexicalAnalyzer.m */ = {isa = PBXFileReference; fileEncoding = 4; lastKnownFileType = sourcecode.c.objc; name = LexicalAnalyzer.m; path = Classes/LexicalAnalyzer.m; sourceTree = "<group>"; };
		76575F3F1894BCE700E1BFDD /* Token.h */ = {isa = PBXFileReference; fileEncoding = 4; lastKnownFileType = sourcecode.c.h; path = Token.h; sourceTree = "<group>"; };
		76575F401894BCE700E1BFDD /* Token.m */ = {isa = PBXFileReference; fileEncoding = 4; lastKnownFileType = sourcecode.c.objc; path = Token.m; sourceTree = "<group>"; };
		765A62481895E2250097F8C1 /* ReservedKeywords.plist */ = {isa = PBXFileReference; fileEncoding = 4; lastKnownFileType = text.plist.xml; path = ReservedKeywords.plist; sourceTree = "<group>"; };
		766B41811898889D00B17587 /* Defines.h */ = {isa = PBXFileReference; lastKnownFileType = sourcecode.c.h; path = Defines.h; sourceTree = "<group>"; };
		766B4185189889DB00B17587 /* Word.h */ = {isa = PBXFileReference; fileEncoding = 4; lastKnownFileType = sourcecode.c.h; path = Word.h; sourceTree = "<group>"; };
		766B4186189889DB00B17587 /* Word.m */ = {isa = PBXFileReference; fileEncoding = 4; lastKnownFileType = sourcecode.c.objc; path = Word.m; sourceTree = "<group>"; };
		766B4188189892B400B17587 /* Num.h */ = {isa = PBXFileReference; fileEncoding = 4; lastKnownFileType = sourcecode.c.h; path = Num.h; sourceTree = "<group>"; };
		766B4189189892B400B17587 /* Num.m */ = {isa = PBXFileReference; fileEncoding = 4; lastKnownFileType = sourcecode.c.objc; path = Num.m; sourceTree = "<group>"; };
		766B418E1898A20700B17587 /* Float.h */ = {isa = PBXFileReference; fileEncoding = 4; lastKnownFileType = sourcecode.c.h; path = Float.h; sourceTree = "<group>"; };
		766B418F1898A20700B17587 /* Float.m */ = {isa = PBXFileReference; fileEncoding = 4; lastKnownFileType = sourcecode.c.objc; path = Float.m; sourceTree = "<group>"; };
		766B69F018973C8D00579586 /* MainMenu.xib */ = {isa = PBXFileReference; fileEncoding = 4; lastKnownFileType = file.xib; path = MainMenu.xib; sourceTree = "<group>"; };
		7677FF5518AC582A009B1912 /* Defines.m */ = {isa = PBXFileReference; fileEncoding = 4; lastKnownFileType = sourcecode.c.objc; path = Defines.m; sourceTree = "<group>"; };
		76990CBB18ADB34900775DE3 /* Node.h */ = {isa = PBXFileReference; fileEncoding = 4; lastKnownFileType = sourcecode.c.h; name = Node.h; path = Classes/Node.h; sourceTree = "<group>"; };
		76990CBC18ADB34900775DE3 /* Node.m */ = {isa = PBXFileReference; fileEncoding = 4; lastKnownFileType = sourcecode.c.objc; name = Node.m; path = Classes/Node.m; sourceTree = "<group>"; };
		76990CBE18ADB83700775DE3 /* Stmt.h */ = {isa = PBXFileReference; fileEncoding = 4; lastKnownFileType = sourcecode.c.h; name = Stmt.h; path = Classes/Stmt.h; sourceTree = "<group>"; };
		76990CBF18ADB83700775DE3 /* Stmt.m */ = {isa = PBXFileReference; fileEncoding = 4; lastKnownFileType = sourcecode.c.objc; name = Stmt.m; path = Classes/Stmt.m; sourceTree = "<group>"; };
		76990CC118ADBBA800775DE3 /* Id.h */ = {isa = PBXFileReference; fileEncoding = 4; lastKnownFileType = sourcecode.c.h; name = Id.h; path = Classes/Id.h; sourceTree = "<group>"; };
		76990CC218ADBBA800775DE3 /* Id.m */ = {isa = PBXFileReference; fileEncoding = 4; lastKnownFileType = sourcecode.c.objc; name = Id.m; path = Classes/Id.m; sourceTree = "<group>"; };
		76990CC418ADBBC400775DE3 /* Expr.h */ = {isa = PBXFileReference; fileEncoding = 4; lastKnownFileType = sourcecode.c.h; name = Expr.h; path = Classes/Expr.h; sourceTree = "<group>"; };
		76990CC518ADBBC400775DE3 /* Expr.m */ = {isa = PBXFileReference; fileEncoding = 4; lastKnownFileType = sourcecode.c.objc; name = Expr.m; path = Classes/Expr.m; sourceTree = "<group>"; };
		76990CC718ADBC2900775DE3 /* Type.h */ = {isa = PBXFileReference; fileEncoding = 4; lastKnownFileType = sourcecode.c.h; name = Type.h; path = ../Type.h; sourceTree = "<group>"; };
		76990CC818ADBC2900775DE3 /* Type.m */ = {isa = PBXFileReference; fileEncoding = 4; lastKnownFileType = sourcecode.c.objc; name = Type.m; path = ../Type.m; sourceTree = "<group>"; };
		76E3FCD818AC90DB005ED87F /* Parser.h */ = {isa = PBXFileReference; fileEncoding = 4; lastKnownFileType = sourcecode.c.h; name = Parser.h; path = Classes/Parser.h; sourceTree = "<group>"; };
		76E3FCD918AC90DB005ED87F /* Parser.m */ = {isa = PBXFileReference; fileEncoding = 4; lastKnownFileType = sourcecode.c.objc; name = Parser.m; path = Classes/Parser.m; sourceTree = "<group>"; };
		76E3FCDB18AC9793005ED87F /* Environment.h */ = {isa = PBXFileReference; fileEncoding = 4; lastKnownFileType = sourcecode.c.h; name = Environment.h; path = Classes/Environment.h; sourceTree = "<group>"; };
		76E3FCDC18AC9793005ED87F /* Environment.m */ = {isa = PBXFileReference; fileEncoding = 4; lastKnownFileType = sourcecode.c.objc; name = Environment.m; path = Classes/Environment.m; sourceTree = "<group>"; };
/* End PBXFileReference section */

/* Begin PBXFrameworksBuildPhase section */
		76575EEA189484D500E1BFDD /* Frameworks */ = {
			isa = PBXFrameworksBuildPhase;
			buildActionMask = 2147483647;
			files = (
				76575EF1189484D500E1BFDD /* Cocoa.framework in Frameworks */,
			);
			runOnlyForDeploymentPostprocessing = 0;
		};
/* End PBXFrameworksBuildPhase section */

/* Begin PBXGroup section */
		76575EE4189484D500E1BFDD = {
			isa = PBXGroup;
			children = (
				76575EF6189484D500E1BFDD /* Milestone2 */,
				76575EEF189484D500E1BFDD /* Frameworks */,
				76575EEE189484D500E1BFDD /* Products */,
			);
			sourceTree = "<group>";
		};
		76575EEE189484D500E1BFDD /* Products */ = {
			isa = PBXGroup;
			children = (
				76575EED189484D500E1BFDD /* Milestone2.app */,
			);
			name = Products;
			sourceTree = "<group>";
		};
		76575EEF189484D500E1BFDD /* Frameworks */ = {
			isa = PBXGroup;
			children = (
				76575EF0189484D500E1BFDD /* Cocoa.framework */,
				76575F0F189484D500E1BFDD /* XCTest.framework */,
				76575EF2189484D500E1BFDD /* Other Frameworks */,
			);
			name = Frameworks;
			sourceTree = "<group>";
		};
		76575EF2189484D500E1BFDD /* Other Frameworks */ = {
			isa = PBXGroup;
			children = (
				76575EF3189484D500E1BFDD /* AppKit.framework */,
				76575EF4189484D500E1BFDD /* CoreData.framework */,
				76575EF5189484D500E1BFDD /* Foundation.framework */,
			);
			name = "Other Frameworks";
			sourceTree = "<group>";
		};
		76575EF6189484D500E1BFDD /* Milestone2 */ = {
			isa = PBXGroup;
			children = (
				76575F02189484D500E1BFDD /* AppDelegate.h */,
				76575F03189484D500E1BFDD /* AppDelegate.m */,
				76575F08189484D500E1BFDD /* Images.xcassets */,
				76575EF7189484D500E1BFDD /* Supporting Files */,
				76575F27189486E500E1BFDD /* Classes */,
			);
			path = Milestone2;
			sourceTree = "<group>";
		};
		76575EF7189484D500E1BFDD /* Supporting Files */ = {
			isa = PBXGroup;
			children = (
				765A623F1895D0490097F8C1 /* DFA plists */,
				766B69F018973C8D00579586 /* MainMenu.xib */,
				76575EF8189484D500E1BFDD /* Milestone2-Info.plist */,
				76575EFC189484D500E1BFDD /* main.m */,
				76575EFE189484D500E1BFDD /* Milestone2-Prefix.pch */,
			);
			name = "Supporting Files";
			sourceTree = "<group>";
		};
		76575F27189486E500E1BFDD /* Classes */ = {
			isa = PBXGroup;
			children = (
				76575F24189486E100E1BFDD /* LexicalAnalyzer.h */,
				76575F25189486E100E1BFDD /* LexicalAnalyzer.m */,
				766B41811898889D00B17587 /* Defines.h */,
				7677FF5518AC582A009B1912 /* Defines.m */,
				76575F3C1894BCE700E1BFDD /* Token Classes */,
				76E3FCD818AC90DB005ED87F /* Parser.h */,
				76E3FCD918AC90DB005ED87F /* Parser.m */,
				76E3FCDB18AC9793005ED87F /* Environment.h */,
				76E3FCDC18AC9793005ED87F /* Environment.m */,
				76990CBB18ADB34900775DE3 /* Node.h */,
				76990CBC18ADB34900775DE3 /* Node.m */,
				76990CBE18ADB83700775DE3 /* Stmt.h */,
				76990CBF18ADB83700775DE3 /* Stmt.m */,
				76990CC118ADBBA800775DE3 /* Id.h */,
				76990CC218ADBBA800775DE3 /* Id.m */,
				76990CC418ADBBC400775DE3 /* Expr.h */,
				76990CC518ADBBC400775DE3 /* Expr.m */,
			);
			name = Classes;
			sourceTree = "<group>";
		};
		76575F3C1894BCE700E1BFDD /* Token Classes */ = {
			isa = PBXGroup;
			children = (
				76990CC718ADBC2900775DE3 /* Type.h */,
				76990CC818ADBC2900775DE3 /* Type.m */,
				76575F3F1894BCE700E1BFDD /* Token.h */,
				76575F401894BCE700E1BFDD /* Token.m */,
				766B4185189889DB00B17587 /* Word.h */,
				766B4186189889DB00B17587 /* Word.m */,
				766B4188189892B400B17587 /* Num.h */,
				766B4189189892B400B17587 /* Num.m */,
				766B418E1898A20700B17587 /* Float.h */,
				766B418F1898A20700B17587 /* Float.m */,
			);
			name = "Token Classes";
			path = "Classes/Token Classes";
			sourceTree = "<group>";
		};
		765A623F1895D0490097F8C1 /* DFA plists */ = {
			isa = PBXGroup;
			children = (
				765A62481895E2250097F8C1 /* ReservedKeywords.plist */,
			);
			name = "DFA plists";
			sourceTree = "<group>";
		};
/* End PBXGroup section */

/* Begin PBXNativeTarget section */
		76575EEC189484D500E1BFDD /* Milestone2 */ = {
			isa = PBXNativeTarget;
			buildConfigurationList = 76575F1E189484D500E1BFDD /* Build configuration list for PBXNativeTarget "Milestone2" */;
			buildPhases = (
				76575EE9189484D500E1BFDD /* Sources */,
				76575EEA189484D500E1BFDD /* Frameworks */,
				76575EEB189484D500E1BFDD /* Resources */,
			);
			buildRules = (
			);
			dependencies = (
			);
			name = Milestone2;
			productName = Milestone2;
			productReference = 76575EED189484D500E1BFDD /* Milestone2.app */;
			productType = "com.apple.product-type.application";
		};
/* End PBXNativeTarget section */

/* Begin PBXProject section */
		76575EE5189484D500E1BFDD /* Project object */ = {
			isa = PBXProject;
			attributes = {
				LastUpgradeCheck = 0510;
				ORGANIZATIONNAME = "Marty Ulrich/David Merrick";
			};
			buildConfigurationList = 76575EE8189484D500E1BFDD /* Build configuration list for PBXProject "Milestone2" */;
			compatibilityVersion = "Xcode 3.2";
			developmentRegion = English;
			hasScannedForEncodings = 0;
			knownRegions = (
				en,
				Base,
			);
			mainGroup = 76575EE4189484D500E1BFDD;
			productRefGroup = 76575EEE189484D500E1BFDD /* Products */;
			projectDirPath = "";
			projectRoot = "";
			targets = (
				76575EEC189484D500E1BFDD /* Milestone2 */,
			);
		};
/* End PBXProject section */

/* Begin PBXResourcesBuildPhase section */
		76575EEB189484D500E1BFDD /* Resources */ = {
			isa = PBXResourcesBuildPhase;
			buildActionMask = 2147483647;
			files = (
				766B69F118973C8D00579586 /* MainMenu.xib in Resources */,
				76575F09189484D500E1BFDD /* Images.xcassets in Resources */,
				765A62491895E2250097F8C1 /* ReservedKeywords.plist in Resources */,
			);
			runOnlyForDeploymentPostprocessing = 0;
		};
/* End PBXResourcesBuildPhase section */

/* Begin PBXSourcesBuildPhase section */
		76575EE9189484D500E1BFDD /* Sources */ = {
			isa = PBXSourcesBuildPhase;
			buildActionMask = 2147483647;
			files = (
				76990CC318ADBBA800775DE3 /* Id.m in Sources */,
				76990CC018ADB83700775DE3 /* Stmt.m in Sources */,
				766B418A189892B400B17587 /* Num.m in Sources */,
				76990CC918ADBC2900775DE3 /* Type.m in Sources */,
				76575F26189486E100E1BFDD /* LexicalAnalyzer.m in Sources */,
				76575F04189484D500E1BFDD /* AppDelegate.m in Sources */,
				766B41901898A20700B17587 /* Float.m in Sources */,
				76E3FCDA18AC90DB005ED87F /* Parser.m in Sources */,
				76575F421894BCE700E1BFDD /* Token.m in Sources */,
				7677FF5618AC582A009B1912 /* Defines.m in Sources */,
				76E3FCDD18AC9793005ED87F /* Environment.m in Sources */,
				76990CC618ADBBC400775DE3 /* Expr.m in Sources */,
				76575EFD189484D500E1BFDD /* main.m in Sources */,
				766B4187189889DB00B17587 /* Word.m in Sources */,
				76990CBD18ADB34900775DE3 /* Node.m in Sources */,
			);
			runOnlyForDeploymentPostprocessing = 0;
		};
/* End PBXSourcesBuildPhase section */

/* Begin XCBuildConfiguration section */
		76575F1C189484D500E1BFDD /* Debug */ = {
			isa = XCBuildConfiguration;
			buildSettings = {
				ALWAYS_SEARCH_USER_PATHS = YES;
				CLANG_CXX_LANGUAGE_STANDARD = "gnu++0x";
				CLANG_CXX_LIBRARY = "libc++";
				CLANG_ENABLE_MODULES = YES;
				CLANG_ENABLE_OBJC_ARC = YES;
				CLANG_WARN_BOOL_CONVERSION = YES;
				CLANG_WARN_CONSTANT_CONVERSION = YES;
				CLANG_WARN_DIRECT_OBJC_ISA_USAGE = YES_ERROR;
				CLANG_WARN_EMPTY_BODY = YES;
				CLANG_WARN_ENUM_CONVERSION = YES;
				CLANG_WARN_INT_CONVERSION = YES;
				CLANG_WARN_OBJC_ROOT_CLASS = YES_ERROR;
				CLANG_WARN__DUPLICATE_METHOD_MATCH = YES;
				COPY_PHASE_STRIP = NO;
				GCC_C_LANGUAGE_STANDARD = gnu99;
				GCC_DYNAMIC_NO_PIC = NO;
				GCC_ENABLE_OBJC_EXCEPTIONS = YES;
				GCC_OPTIMIZATION_LEVEL = 0;
				GCC_PREPROCESSOR_DEFINITIONS = (
					"DEBUG=1",
					"$(inherited)",
				);
				GCC_SYMBOLS_PRIVATE_EXTERN = NO;
				GCC_WARN_64_TO_32_BIT_CONVERSION = YES;
				GCC_WARN_ABOUT_RETURN_TYPE = YES_ERROR;
				GCC_WARN_UNDECLARED_SELECTOR = YES;
				GCC_WARN_UNINITIALIZED_AUTOS = YES_AGGRESSIVE;
				GCC_WARN_UNUSED_FUNCTION = YES;
				GCC_WARN_UNUSED_VARIABLE = YES;
				HEADER_SEARCH_PATHS = (
					"$(inherited)",
					"/Applications/Xcode51-Beta4.app/Contents/Developer/Toolchains/XcodeDefault.xctoolchain/usr/include",
					"$(SRCROOT)/**",
				);
				MACOSX_DEPLOYMENT_TARGET = 10.9;
				ONLY_ACTIVE_ARCH = YES;
				SDKROOT = macosx;
			};
			name = Debug;
		};
		76575F1D189484D500E1BFDD /* Release */ = {
			isa = XCBuildConfiguration;
			buildSettings = {
				ALWAYS_SEARCH_USER_PATHS = YES;
				CLANG_CXX_LANGUAGE_STANDARD = "gnu++0x";
				CLANG_CXX_LIBRARY = "libc++";
				CLANG_ENABLE_MODULES = YES;
				CLANG_ENABLE_OBJC_ARC = YES;
				CLANG_WARN_BOOL_CONVERSION = YES;
				CLANG_WARN_CONSTANT_CONVERSION = YES;
				CLANG_WARN_DIRECT_OBJC_ISA_USAGE = YES_ERROR;
				CLANG_WARN_EMPTY_BODY = YES;
				CLANG_WARN_ENUM_CONVERSION = YES;
				CLANG_WARN_INT_CONVERSION = YES;
				CLANG_WARN_OBJC_ROOT_CLASS = YES_ERROR;
				CLANG_WARN__DUPLICATE_METHOD_MATCH = YES;
				COPY_PHASE_STRIP = YES;
				DEBUG_INFORMATION_FORMAT = "dwarf-with-dsym";
				ENABLE_NS_ASSERTIONS = NO;
				GCC_C_LANGUAGE_STANDARD = gnu99;
				GCC_ENABLE_OBJC_EXCEPTIONS = YES;
				GCC_WARN_64_TO_32_BIT_CONVERSION = YES;
				GCC_WARN_ABOUT_RETURN_TYPE = YES_ERROR;
				GCC_WARN_UNDECLARED_SELECTOR = YES;
				GCC_WARN_UNINITIALIZED_AUTOS = YES_AGGRESSIVE;
				GCC_WARN_UNUSED_FUNCTION = YES;
				GCC_WARN_UNUSED_VARIABLE = YES;
				HEADER_SEARCH_PATHS = (
					"$(inherited)",
					"/Applications/Xcode51-Beta4.app/Contents/Developer/Toolchains/XcodeDefault.xctoolchain/usr/include",
					"$(SRCROOT)/**",
				);
				MACOSX_DEPLOYMENT_TARGET = 10.9;
				SDKROOT = macosx;
			};
			name = Release;
		};
		76575F1F189484D500E1BFDD /* Debug */ = {
			isa = XCBuildConfiguration;
			buildSettings = {
				ASSETCATALOG_COMPILER_APPICON_NAME = AppIcon;
				COMBINE_HIDPI_IMAGES = YES;
				GCC_PRECOMPILE_PREFIX_HEADER = YES;
				GCC_PREFIX_HEADER = "Milestone2/Milestone2-Prefix.pch";
				INFOPLIST_FILE = "Milestone2/Milestone2-Info.plist";
				PRODUCT_NAME = "$(TARGET_NAME)";
				WRAPPER_EXTENSION = app;
			};
			name = Debug;
		};
		76575F20189484D500E1BFDD /* Release */ = {
			isa = XCBuildConfiguration;
			buildSettings = {
				ASSETCATALOG_COMPILER_APPICON_NAME = AppIcon;
				COMBINE_HIDPI_IMAGES = YES;
				GCC_PRECOMPILE_PREFIX_HEADER = YES;
				GCC_PREFIX_HEADER = "Milestone2/Milestone2-Prefix.pch";
				INFOPLIST_FILE = "Milestone2/Milestone2-Info.plist";
				PRODUCT_NAME = "$(TARGET_NAME)";
				WRAPPER_EXTENSION = app;
			};
			name = Release;
		};
/* End XCBuildConfiguration section */

/* Begin XCConfigurationList section */
		76575EE8189484D500E1BFDD /* Build configuration list for PBXProject "Milestone2" */ = {
			isa = XCConfigurationList;
			buildConfigurations = (
				76575F1C189484D500E1BFDD /* Debug */,
				76575F1D189484D500E1BFDD /* Release */,
			);
			defaultConfigurationIsVisible = 0;
			defaultConfigurationName = Release;
		};
		76575F1E189484D500E1BFDD /* Build configuration list for PBXNativeTarget "Milestone2" */ = {
			isa = XCConfigurationList;
			buildConfigurations = (
				76575F1F189484D500E1BFDD /* Debug */,
				76575F20189484D500E1BFDD /* Release */,
			);
			defaultConfigurationIsVisible = 0;
			defaultConfigurationName = Release;
		};
/* End XCConfigurationList section */
	};
	rootObject = 76575EE5189484D500E1BFDD /* Project object */;
}
